
Microsoft Visual Studio Solution File, Format Version 12.00
# Visual Studio Version 17
VisualStudioVersion = 17.5.002.0
MinimumVisualStudioVersion = 10.0.40219.1
Project("{9A19103F-16F7-4668-BE54-9A1E7A4F7556}") = "Atlas.Hackaton", "Atlas.Hackaton\Atlas.Hackaton.csproj", "{7C7592B3-783A-46E5-A221-39B44A7120BA}"
EndProject
Global
	GlobalSection(SolutionConfigurationPlatforms) = preSolution
		Debug|Any CPU = Debug|Any CPU
		Release|Any CPU = Release|Any CPU
	EndGlobalSection
	GlobalSection(ProjectConfigurationPlatforms) = postSolution
		{7C7592B3-783A-46E5-A221-39B44A7120BA}.Debug|Any CPU.ActiveCfg = Debug|Any CPU
		{7C7592B3-783A-46E5-A221-39B44A7120BA}.Debug|Any CPU.Build.0 = Debug|Any CPU
		{7C7592B3-783A-46E5-A221-39B44A7120BA}.Release|Any CPU.ActiveCfg = Release|Any CPU
		{7C7592B3-783A-46E5-A221-39B44A7120BA}.Release|Any CPU.Build.0 = Release|Any CPU
	EndGlobalSection
	GlobalSection(SolutionProperties) = preSolution
		HideSolutionNode = FALSE
	EndGlobalSection
	GlobalSection(ExtensibilityGlobals) = postSolution
		SolutionGuid = {603FB511-3DFC-49CD-99D4-8E3704389BDD}
	EndGlobalSection
EndGlobal
